{
  "name": "autosalons",
  "lockfileVersion": 2,
  "requires": true,
  "packages": {
    "": {
      "dependencies": {
        "intl-tel-input": "^18.2.1"
      }
    },
    "node_modules/intl-tel-input": {
      "version": "18.2.1",
      "resolved": "https://registry.npmjs.org/intl-tel-input/-/intl-tel-input-18.2.1.tgz",
      "integrity": "sha512-wOm0/61kTtpYjOOW1bhHzC4G8Om+atTxHmg31FS0KD0LQ8k8BpgO925npyi4jlT/EK4+joABABZzz0/XeSgupQ=="
    }
  },
  "dependencies": {
    "intl-tel-input": {
      "version": "18.2.1",
      "resolved": "https://registry.npmjs.org/intl-tel-input/-/intl-tel-input-18.2.1.tgz",
      "integrity": "sha512-wOm0/61kTtpYjOOW1bhHzC4G8Om+atTxHmg31FS0KD0LQ8k8BpgO925npyi4jlT/EK4+joABABZzz0/XeSgupQ=="
    }
  }
}
